
Microsoft Visual Studio Solution File, Format Version 12.00
# Visual Studio Version 17
VisualStudioVersion = 17.6.33815.320
MinimumVisualStudioVersion = 10.0.40219.1
Project("{FAE04EC0-301F-11D3-BF4B-00C04F79EFBC}") = "Registration_form", "Registration_form.csproj", "{333D5A19-B857-4B6F-B62F-0DA98C460784}"
EndProject
Global
	GlobalSection(SolutionConfigurationPlatforms) = preSolution
		Debug|Any CPU = Debug|Any CPU
		Release|Any CPU = Release|Any CPU
	EndGlobalSection
	GlobalSection(ProjectConfigurationPlatforms) = postSolution
		{333D5A19-B857-4B6F-B62F-0DA98C460784}.Debug|Any CPU.ActiveCfg = Debug|Any CPU
		{333D5A19-B857-4B6F-B62F-0DA98C460784}.Debug|Any CPU.Build.0 = Debug|Any CPU
		{333D5A19-B857-4B6F-B62F-0DA98C460784}.Release|Any CPU.ActiveCfg = Release|Any CPU
		{333D5A19-B857-4B6F-B62F-0DA98C460784}.Release|Any CPU.Build.0 = Release|Any CPU
	EndGlobalSection
	GlobalSection(SolutionProperties) = preSolution
		HideSolutionNode = FALSE
	EndGlobalSection
	GlobalSection(ExtensibilityGlobals) = postSolution
		SolutionGuid = {6F808561-D02B-4247-A78C-F53332DDD243}
	EndGlobalSection
EndGlobal
